<Solution>
  <Folder Name="/Task0/">
    <Project Path="Tyuiu.RomanovMV.Sprint0.Task0.V0/Tyuiu.RomanovMV.Sprint0.Task0.V0.csproj" />
  </Folder>
  <Folder Name="/Task1/">
    <Project Path="Tyuiu.RomanovMV.Sprint0.Task1.V0/Tyuiu.RomanovMV.Sprint0.Task1.V0.csproj" />
  </Folder>
  <Folder Name="/Task2/">
    <Project Path="Tyuiu.RomanovMV.Sprint0.Task2.V0.Lib/Tyuiu.RomanovMV.Sprint0.Task2.V0.Lib.csproj" />
    <Project Path="Tyuiu.RomanovMV.Sprint0.Task2.V0.Test/Tyuiu.RomanovMV.Sprint0.Task2.V0.Test.csproj" />
    <Project Path="Tyuiu.RomanovMV.Sprint0.Task2.V0/Tyuiu.RomanovMV.Sprint0.Task2.V0.csproj" />
  </Folder>
  <Folder Name="/Task3/">
    <Project Path="Tyuiu.RomanovMV.Sprint0.Task3.V0.Lib/Tyuiu.RomanovMV.Sprint0.Task3.V0.Lib.csproj" />
    <Project Path="Tyuiu.RomanovMV.Sprint0.Task3.V0.Test/Tyuiu.RomanovMV.Sprint0.Task3.V0.Test.csproj" />
    <Project Path="Tyuiu.RomanovMV.Sprint0.Task3.V0/Tyuiu.RomanovMV.Sprint0.Task3.V0.csproj" />
  </Folder>
  <Folder Name="/Task4/">
    <Project Path="Tyuiu.RomanovMV.Sprint0.Task4.V0.Lib/Tyuiu.RomanovMV.Sprint0.Task4.V0.Lib.csproj" />
    <Project Path="Tyuiu.RomanovMV.Sprint0.Task4.V0.Test/Tyuiu.RomanovMV.Sprint0.Task4.V0.Test.csproj" />
    <Project Path="Tyuiu.RomanovMV.Sprint0.Task4.V0/Tyuiu.RomanovMV.Sprint0.Task4.V0.csproj" />
  </Folder>
  <Folder Name="/Task5/">
    <Project Path="Tyuiu.RomanovMV.Sprint0.Task5.V0.Lib/Tyuiu.RomanovMV.Sprint0.Task5.V0.Lib.csproj" />
    <Project Path="Tyuiu.RomanovMV.Sprint0.Task5.V0.Test/Tyuiu.RomanovMV.Sprint0.Task5.V0.Test.csproj" />
    <Project Path="Tyuiu.RomanovMV.Sprint0.Task5.V0/Tyuiu.RomanovMV.Sprint0.Task5.V0.csproj" />
  </Folder>
  <Folder Name="/Task6/">
    <Project Path="Tyuiu.RomanovMV.Sprint0.Task6.V0.Lib/Tyuiu.RomanovMV.Sprint0.Task6.V0.Lib.csproj" Id="467f9687-f33b-47d1-af6a-6bedc3c29155" />
    <Project Path="Tyuiu.RomanovMV.Sprint0.Task6.V0.Test/Tyuiu.RomanovMV.Sprint0.Task6.V0.Test.csproj" Id="44ec0f7c-1097-4a7c-84b8-24bc58747a79" />
    <Project Path="Tyuiu.RomanovMV.Sprint0.Task6.V0/Tyuiu.RomanovMV.Sprint0.Task6.V0.csproj" Id="fa6f10c2-13cd-4198-b4f4-79f3ef11e19e" />
  </Folder>
  <Folder Name="/Task7/">
    <Project Path="Tyuiu.RomanovMV.Sprint0.Task7.V0.Lib/Tyuiu.RomanovMV.Sprint0.Task7.V0.Lib.csproj" Id="0f39c4f8-fe43-4f9e-a705-7bd7027c659f" />
    <Project Path="Tyuiu.RomanovMV.Sprint0.Task7.V0.Test/Tyuiu.RomanovMV.Sprint0.Task7.V0.Test.csproj" Id="a91b757b-897f-45a4-8fb2-7ed0175732f7" />
    <Project Path="Tyuiu.RomanovMV.Sprint0.Task7.V0/Tyuiu.RomanovMV.Sprint0.Task7.V0.csproj" Id="3e135ccc-caf5-4724-9b3f-8bd65eeb8c1a" />
  </Folder>
</Solution>
